
Microsoft Visual Studio Solution File, Format Version 12.00
Project("{FAE04EC0-301F-11D3-BF4B-00C04F79EFBC}") = "aws-console", "aws-console\aws-console.csproj", "{2A750F2D-AF9E-45C1-BDA2-FBBD7CDDB0C0}"
EndProject
Global
	GlobalSection(SolutionConfigurationPlatforms) = preSolution
		Debug|Any CPU = Debug|Any CPU
		Release|Any CPU = Release|Any CPU
	EndGlobalSection
	GlobalSection(ProjectConfigurationPlatforms) = postSolution
		{2A750F2D-AF9E-45C1-BDA2-FBBD7CDDB0C0}.Debug|Any CPU.ActiveCfg = Debug|Any CPU
		{2A750F2D-AF9E-45C1-BDA2-FBBD7CDDB0C0}.Debug|Any CPU.Build.0 = Debug|Any CPU
		{2A750F2D-AF9E-45C1-BDA2-FBBD7CDDB0C0}.Release|Any CPU.ActiveCfg = Release|Any CPU
		{2A750F2D-AF9E-45C1-BDA2-FBBD7CDDB0C0}.Release|Any CPU.Build.0 = Release|Any CPU
	EndGlobalSection
EndGlobal
